// !$*UTF8*$!
{
	archiveVersion = 1;
	classes = {
	};
	objectVersion = 50;
	objects = {

/* Begin PBXBuildFile section */
		940BFB7B269201520039E222 /* AlarmShowScreen.swift in Sources */ = {isa = PBXBuildFile; fileRef = 940BFB7A269201520039E222 /* AlarmShowScreen.swift */; };
		940BFB7D269333EC0039E222 /* meo.mp3 in Resources */ = {isa = PBXBuildFile; fileRef = 940BFB7C269333EC0039E222 /* meo.mp3 */; };
		940BFB7F269347460039E222 /* SleepMusic.swift in Sources */ = {isa = PBXBuildFile; fileRef = 940BFB7E269347460039E222 /* SleepMusic.swift */; };
		94711CA4268D4C0E0089041D /* AlarmRow.swift in Sources */ = {isa = PBXBuildFile; fileRef = 94711CA3268D4C0E0089041D /* AlarmRow.swift */; };
		94711CA6268DA4330089041D /* AlarmRepeatView.swift in Sources */ = {isa = PBXBuildFile; fileRef = 94711CA5268DA4330089041D /* AlarmRepeatView.swift */; };
		94711CA8268DA69C0089041D /* AlarmSoundView.swift in Sources */ = {isa = PBXBuildFile; fileRef = 94711CA7268DA69C0089041D /* AlarmSoundView.swift */; };
		94711CAA268DAE130089041D /* Sound.swift in Sources */ = {isa = PBXBuildFile; fileRef = 94711CA9268DAE130089041D /* Sound.swift */; };
		94711CAC268DBD0E0089041D /* Model.swift in Sources */ = {isa = PBXBuildFile; fileRef = 94711CAB268DBD0E0089041D /* Model.swift */; };
		94E52A8A26887049007C97D1 /* Cookie_AlarmApp.swift in Sources */ = {isa = PBXBuildFile; fileRef = 94E52A8926887049007C97D1 /* Cookie_AlarmApp.swift */; };
		94E52A8C26887049007C97D1 /* ContentView.swift in Sources */ = {isa = PBXBuildFile; fileRef = 94E52A8B26887049007C97D1 /* ContentView.swift */; };
		94E52A8E2688704A007C97D1 /* Assets.xcassets in Resources */ = {isa = PBXBuildFile; fileRef = 94E52A8D2688704A007C97D1 /* Assets.xcassets */; };
		94E52A912688704A007C97D1 /* Preview Assets.xcassets in Resources */ = {isa = PBXBuildFile; fileRef = 94E52A902688704A007C97D1 /* Preview Assets.xcassets */; };
		94E52A9C2688704A007C97D1 /* Cookie_AlarmTests.swift in Sources */ = {isa = PBXBuildFile; fileRef = 94E52A9B2688704A007C97D1 /* Cookie_AlarmTests.swift */; };
		94E52AA72688704A007C97D1 /* Cookie_AlarmUITests.swift in Sources */ = {isa = PBXBuildFile; fileRef = 94E52AA62688704A007C97D1 /* Cookie_AlarmUITests.swift */; };
		94E52AB62688722E007C97D1 /* AlarmListView.swift in Sources */ = {isa = PBXBuildFile; fileRef = 94E52AB52688722E007C97D1 /* AlarmListView.swift */; };
		94E52AB826887291007C97D1 /* MusicListView.swift in Sources */ = {isa = PBXBuildFile; fileRef = 94E52AB726887291007C97D1 /* MusicListView.swift */; };
		94E52ABA2688729C007C97D1 /* SettingView.swift in Sources */ = {isa = PBXBuildFile; fileRef = 94E52AB92688729C007C97D1 /* SettingView.swift */; };
		94E52ABD2688733F007C97D1 /* Alarm.swift in Sources */ = {isa = PBXBuildFile; fileRef = 94E52ABC2688733F007C97D1 /* Alarm.swift */; };
		94E52ABF268873ED007C97D1 /* AlarmDetailView.swift in Sources */ = {isa = PBXBuildFile; fileRef = 94E52ABE268873ED007C97D1 /* AlarmDetailView.swift */; };
/* End PBXBuildFile section */

/* Begin PBXContainerItemProxy section */
		94E52A982688704A007C97D1 /* PBXContainerItemProxy */ = {
			isa = PBXContainerItemProxy;
			containerPortal = 94E52A7E26887049007C97D1 /* Project object */;
			proxyType = 1;
			remoteGlobalIDString = 94E52A8526887049007C97D1;
			remoteInfo = "Cookie Alarm";
		};
		94E52AA32688704A007C97D1 /* PBXContainerItemProxy */ = {
			isa = PBXContainerItemProxy;
			containerPortal = 94E52A7E26887049007C97D1 /* Project object */;
			proxyType = 1;
			remoteGlobalIDString = 94E52A8526887049007C97D1;
			remoteInfo = "Cookie Alarm";
		};
/* End PBXContainerItemProxy section */

/* Begin PBXFileReference section */
		940BFB7A269201520039E222 /* AlarmShowScreen.swift */ = {isa = PBXFileReference; lastKnownFileType = sourcecode.swift; path = AlarmShowScreen.swift; sourceTree = "<group>"; };
		940BFB7C269333EC0039E222 /* meo.mp3 */ = {isa = PBXFileReference; lastKnownFileType = audio.mp3; path = meo.mp3; sourceTree = "<group>"; };
		940BFB7E269347460039E222 /* SleepMusic.swift */ = {isa = PBXFileReference; lastKnownFileType = sourcecode.swift; path = SleepMusic.swift; sourceTree = "<group>"; };
		94711CA3268D4C0E0089041D /* AlarmRow.swift */ = {isa = PBXFileReference; lastKnownFileType = sourcecode.swift; path = AlarmRow.swift; sourceTree = "<group>"; };
		94711CA5268DA4330089041D /* AlarmRepeatView.swift */ = {isa = PBXFileReference; lastKnownFileType = sourcecode.swift; path = AlarmRepeatView.swift; sourceTree = "<group>"; };
		94711CA7268DA69C0089041D /* AlarmSoundView.swift */ = {isa = PBXFileReference; lastKnownFileType = sourcecode.swift; path = AlarmSoundView.swift; sourceTree = "<group>"; };
		94711CA9268DAE130089041D /* Sound.swift */ = {isa = PBXFileReference; lastKnownFileType = sourcecode.swift; path = Sound.swift; sourceTree = "<group>"; };
		94711CAB268DBD0E0089041D /* Model.swift */ = {isa = PBXFileReference; lastKnownFileType = sourcecode.swift; path = Model.swift; sourceTree = "<group>"; };
		94E52A8626887049007C97D1 /* Cookie Alarm.app */ = {isa = PBXFileReference; explicitFileType = wrapper.application; includeInIndex = 0; path = "Cookie Alarm.app"; sourceTree = BUILT_PRODUCTS_DIR; };
		94E52A8926887049007C97D1 /* Cookie_AlarmApp.swift */ = {isa = PBXFileReference; lastKnownFileType = sourcecode.swift; path = Cookie_AlarmApp.swift; sourceTree = "<group>"; };
		94E52A8B26887049007C97D1 /* ContentView.swift */ = {isa = PBXFileReference; lastKnownFileType = sourcecode.swift; path = ContentView.swift; sourceTree = "<group>"; };
		94E52A8D2688704A007C97D1 /* Assets.xcassets */ = {isa = PBXFileReference; lastKnownFileType = folder.assetcatalog; path = Assets.xcassets; sourceTree = "<group>"; };
		94E52A902688704A007C97D1 /* Preview Assets.xcassets */ = {isa = PBXFileReference; lastKnownFileType = folder.assetcatalog; path = "Preview Assets.xcassets"; sourceTree = "<group>"; };
		94E52A922688704A007C97D1 /* Info.plist */ = {isa = PBXFileReference; lastKnownFileType = text.plist.xml; path = Info.plist; sourceTree = "<group>"; };
		94E52A972688704A007C97D1 /* Cookie AlarmTests.xctest */ = {isa = PBXFileReference; explicitFileType = wrapper.cfbundle; includeInIndex = 0; path = "Cookie AlarmTests.xctest"; sourceTree = BUILT_PRODUCTS_DIR; };
		94E52A9B2688704A007C97D1 /* Cookie_AlarmTests.swift */ = {isa = PBXFileReference; lastKnownFileType = sourcecode.swift; path = Cookie_AlarmTests.swift; sourceTree = "<group>"; };
		94E52A9D2688704A007C97D1 /* Info.plist */ = {isa = PBXFileReference; lastKnownFileType = text.plist.xml; path = Info.plist; sourceTree = "<group>"; };
		94E52AA22688704A007C97D1 /* Cookie AlarmUITests.xctest */ = {isa = PBXFileReference; explicitFileType = wrapper.cfbundle; includeInIndex = 0; path = "Cookie AlarmUITests.xctest"; sourceTree = BUILT_PRODUCTS_DIR; };
		94E52AA62688704A007C97D1 /* Cookie_AlarmUITests.swift */ = {isa = PBXFileReference; lastKnownFileType = sourcecode.swift; path = Cookie_AlarmUITests.swift; sourceTree = "<group>"; };
		94E52AA82688704A007C97D1 /* Info.plist */ = {isa = PBXFileReference; lastKnownFileType = text.plist.xml; path = Info.plist; sourceTree = "<group>"; };
		94E52AB52688722E007C97D1 /* AlarmListView.swift */ = {isa = PBXFileReference; lastKnownFileType = sourcecode.swift; path = AlarmListView.swift; sourceTree = "<group>"; };
		94E52AB726887291007C97D1 /* MusicListView.swift */ = {isa = PBXFileReference; lastKnownFileType = sourcecode.swift; path = MusicListView.swift; sourceTree = "<group>"; };
		94E52AB92688729C007C97D1 /* SettingView.swift */ = {isa = PBXFileReference; lastKnownFileType = sourcecode.swift; path = SettingView.swift; sourceTree = "<group>"; };
		94E52ABC2688733F007C97D1 /* Alarm.swift */ = {isa = PBXFileReference; lastKnownFileType = sourcecode.swift; path = Alarm.swift; sourceTree = "<group>"; };
		94E52ABE268873ED007C97D1 /* AlarmDetailView.swift */ = {isa = PBXFileReference; lastKnownFileType = sourcecode.swift; path = AlarmDetailView.swift; sourceTree = "<group>"; };
/* End PBXFileReference section */

/* Begin PBXFrameworksBuildPhase section */
		94E52A8326887049007C97D1 /* Frameworks */ = {
			isa = PBXFrameworksBuildPhase;
			buildActionMask = 2147483647;
			files = (
			);
			runOnlyForDeploymentPostprocessing = 0;
		};
		94E52A942688704A007C97D1 /* Frameworks */ = {
			isa = PBXFrameworksBuildPhase;
			buildActionMask = 2147483647;
			files = (
			);
			runOnlyForDeploymentPostprocessing = 0;
		};
		94E52A9F2688704A007C97D1 /* Frameworks */ = {
			isa = PBXFrameworksBuildPhase;
			buildActionMask = 2147483647;
			files = (
			);
			runOnlyForDeploymentPostprocessing = 0;
		};
/* End PBXFrameworksBuildPhase section */

/* Begin PBXGroup section */
		94E52A7D26887049007C97D1 = {
			isa = PBXGroup;
			children = (
				94E52A8826887049007C97D1 /* Cookie Alarm */,
				94E52A9A2688704A007C97D1 /* Cookie AlarmTests */,
				94E52AA52688704A007C97D1 /* Cookie AlarmUITests */,
				94E52A8726887049007C97D1 /* Products */,
			);
			sourceTree = "<group>";
		};
		94E52A8726887049007C97D1 /* Products */ = {
			isa = PBXGroup;
			children = (
				94E52A8626887049007C97D1 /* Cookie Alarm.app */,
				94E52A972688704A007C97D1 /* Cookie AlarmTests.xctest */,
				94E52AA22688704A007C97D1 /* Cookie AlarmUITests.xctest */,
			);
			name = Products;
			sourceTree = "<group>";
		};
		94E52A8826887049007C97D1 /* Cookie Alarm */ = {
			isa = PBXGroup;
			children = (
				94E52ABB26887331007C97D1 /* Model */,
				94E52AB42688721B007C97D1 /* View */,
				94E52A8D2688704A007C97D1 /* Assets.xcassets */,
				940BFB7C269333EC0039E222 /* meo.mp3 */,
				94E52A922688704A007C97D1 /* Info.plist */,
				94E52A8F2688704A007C97D1 /* Preview Content */,
			);
			path = "Cookie Alarm";
			sourceTree = "<group>";
		};
		94E52A8F2688704A007C97D1 /* Preview Content */ = {
			isa = PBXGroup;
			children = (
				94E52A902688704A007C97D1 /* Preview Assets.xcassets */,
			);
			path = "Preview Content";
			sourceTree = "<group>";
		};
		94E52A9A2688704A007C97D1 /* Cookie AlarmTests */ = {
			isa = PBXGroup;
			children = (
				94E52A9B2688704A007C97D1 /* Cookie_AlarmTests.swift */,
				94E52A9D2688704A007C97D1 /* Info.plist */,
			);
			path = "Cookie AlarmTests";
			sourceTree = "<group>";
		};
		94E52AA52688704A007C97D1 /* Cookie AlarmUITests */ = {
			isa = PBXGroup;
			children = (
				94E52AA62688704A007C97D1 /* Cookie_AlarmUITests.swift */,
				94E52AA82688704A007C97D1 /* Info.plist */,
			);
			path = "Cookie AlarmUITests";
			sourceTree = "<group>";
		};
		94E52AB42688721B007C97D1 /* View */ = {
			isa = PBXGroup;
			children = (
				94E52A8926887049007C97D1 /* Cookie_AlarmApp.swift */,
				94E52A8B26887049007C97D1 /* ContentView.swift */,
				94E52AB52688722E007C97D1 /* AlarmListView.swift */,
				94E52ABE268873ED007C97D1 /* AlarmDetailView.swift */,
				94E52AB726887291007C97D1 /* MusicListView.swift */,
				94E52AB92688729C007C97D1 /* SettingView.swift */,
				94711CA3268D4C0E0089041D /* AlarmRow.swift */,
				94711CA5268DA4330089041D /* AlarmRepeatView.swift */,
				94711CA7268DA69C0089041D /* AlarmSoundView.swift */,
				940BFB7A269201520039E222 /* AlarmShowScreen.swift */,
			);
			path = View;
			sourceTree = "<group>";
		};
		94E52ABB26887331007C97D1 /* Model */ = {
			isa = PBXGroup;
			children = (
				94E52ABC2688733F007C97D1 /* Alarm.swift */,
				94711CA9268DAE130089041D /* Sound.swift */,
				94711CAB268DBD0E0089041D /* Model.swift */,
				940BFB7E269347460039E222 /* SleepMusic.swift */,
			);
			path = Model;
			sourceTree = "<group>";
		};
/* End PBXGroup section */

/* Begin PBXNativeTarget section */
		94E52A8526887049007C97D1 /* Cookie Alarm */ = {
			isa = PBXNativeTarget;
			buildConfigurationList = 94E52AAB2688704A007C97D1 /* Build configuration list for PBXNativeTarget "Cookie Alarm" */;
			buildPhases = (
				94E52A8226887049007C97D1 /* Sources */,
				94E52A8326887049007C97D1 /* Frameworks */,
				94E52A8426887049007C97D1 /* Resources */,
			);
			buildRules = (
			);
			dependencies = (
			);
			name = "Cookie Alarm";
			productName = "Cookie Alarm";
			productReference = 94E52A8626887049007C97D1 /* Cookie Alarm.app */;
			productType = "com.apple.product-type.application";
		};
		94E52A962688704A007C97D1 /* Cookie AlarmTests */ = {
			isa = PBXNativeTarget;
			buildConfigurationList = 94E52AAE2688704A007C97D1 /* Build configuration list for PBXNativeTarget "Cookie AlarmTests" */;
			buildPhases = (
				94E52A932688704A007C97D1 /* Sources */,
				94E52A942688704A007C97D1 /* Frameworks */,
				94E52A952688704A007C97D1 /* Resources */,
			);
			buildRules = (
			);
			dependencies = (
				94E52A992688704A007C97D1 /* PBXTargetDependency */,
			);
			name = "Cookie AlarmTests";
			productName = "Cookie AlarmTests";
			productReference = 94E52A972688704A007C97D1 /* Cookie AlarmTests.xctest */;
			productType = "com.apple.product-type.bundle.unit-test";
		};
		94E52AA12688704A007C97D1 /* Cookie AlarmUITests */ = {
			isa = PBXNativeTarget;
			buildConfigurationList = 94E52AB12688704A007C97D1 /* Build configuration list for PBXNativeTarget "Cookie AlarmUITests" */;
			buildPhases = (
				94E52A9E2688704A007C97D1 /* Sources */,
				94E52A9F2688704A007C97D1 /* Frameworks */,
				94E52AA02688704A007C97D1 /* Resources */,
			);
			buildRules = (
			);
			dependencies = (
				94E52AA42688704A007C97D1 /* PBXTargetDependency */,
			);
			name = "Cookie AlarmUITests";
			productName = "Cookie AlarmUITests";
			productReference = 94E52AA22688704A007C97D1 /* Cookie AlarmUITests.xctest */;
			productType = "com.apple.product-type.bundle.ui-testing";
		};
/* End PBXNativeTarget section */

/* Begin PBXProject section */
		94E52A7E26887049007C97D1 /* Project object */ = {
			isa = PBXProject;
			attributes = {
				LastSwiftUpdateCheck = 1250;
				LastUpgradeCheck = 1250;
				TargetAttributes = {
					94E52A8526887049007C97D1 = {
						CreatedOnToolsVersion = 12.5;
					};
					94E52A962688704A007C97D1 = {
						CreatedOnToolsVersion = 12.5;
						TestTargetID = 94E52A8526887049007C97D1;
					};
					94E52AA12688704A007C97D1 = {
						CreatedOnToolsVersion = 12.5;
						TestTargetID = 94E52A8526887049007C97D1;
					};
				};
			};
			buildConfigurationList = 94E52A8126887049007C97D1 /* Build configuration list for PBXProject "Cookie Alarm" */;
			compatibilityVersion = "Xcode 9.3";
			developmentRegion = en;
			hasScannedForEncodings = 0;
			knownRegions = (
				en,
				Base,
			);
			mainGroup = 94E52A7D26887049007C97D1;
			productRefGroup = 94E52A8726887049007C97D1 /* Products */;
			projectDirPath = "";
			projectRoot = "";
			targets = (
				94E52A8526887049007C97D1 /* Cookie Alarm */,
				94E52A962688704A007C97D1 /* Cookie AlarmTests */,
				94E52AA12688704A007C97D1 /* Cookie AlarmUITests */,
			);
		};
/* End PBXProject section */

/* Begin PBXResourcesBuildPhase section */
		94E52A8426887049007C97D1 /* Resources */ = {
			isa = PBXResourcesBuildPhase;
			buildActionMask = 2147483647;
			files = (
				940BFB7D269333EC0039E222 /* meo.mp3 in Resources */,
				94E52A912688704A007C97D1 /* Preview Assets.xcassets in Resources */,
				94E52A8E2688704A007C97D1 /* Assets.xcassets in Resources */,
			);
			runOnlyForDeploymentPostprocessing = 0;
		};
		94E52A952688704A007C97D1 /* Resources */ = {
			isa = PBXResourcesBuildPhase;
			buildActionMask = 2147483647;
			files = (
			);
			runOnlyForDeploymentPostprocessing = 0;
		};
		94E52AA02688704A007C97D1 /* Resources */ = {
			isa = PBXResourcesBuildPhase;
			buildActionMask = 2147483647;
			files = (
			);
			runOnlyForDeploymentPostprocessing = 0;
		};
/* End PBXResourcesBuildPhase section */

/* Begin PBXSourcesBuildPhase section */
		94E52A8226887049007C97D1 /* Sources */ = {
			isa = PBXSourcesBuildPhase;
			buildActionMask = 2147483647;
			files = (
				94E52ABF268873ED007C97D1 /* AlarmDetailView.swift in Sources */,
				94711CAA268DAE130089041D /* Sound.swift in Sources */,
				94E52A8C26887049007C97D1 /* ContentView.swift in Sources */,
				94711CAC268DBD0E0089041D /* Model.swift in Sources */,
				940BFB7B269201520039E222 /* AlarmShowScreen.swift in Sources */,
				94711CA8268DA69C0089041D /* AlarmSoundView.swift in Sources */,
				94E52ABA2688729C007C97D1 /* SettingView.swift in Sources */,
				94E52AB62688722E007C97D1 /* AlarmListView.swift in Sources */,
				94E52AB826887291007C97D1 /* MusicListView.swift in Sources */,
				94E52A8A26887049007C97D1 /* Cookie_AlarmApp.swift in Sources */,
				94711CA4268D4C0E0089041D /* AlarmRow.swift in Sources */,
				940BFB7F269347460039E222 /* SleepMusic.swift in Sources */,
				94711CA6268DA4330089041D /* AlarmRepeatView.swift in Sources */,
				94E52ABD2688733F007C97D1 /* Alarm.swift in Sources */,
			);
			runOnlyForDeploymentPostprocessing = 0;
		};
		94E52A932688704A007C97D1 /* Sources */ = {
			isa = PBXSourcesBuildPhase;
			buildActionMask = 2147483647;
			files = (
				94E52A9C2688704A007C97D1 /* Cookie_AlarmTests.swift in Sources */,
			);
			runOnlyForDeploymentPostprocessing = 0;
		};
		94E52A9E2688704A007C97D1 /* Sources */ = {
			isa = PBXSourcesBuildPhase;
			buildActionMask = 2147483647;
			files = (
				94E52AA72688704A007C97D1 /* Cookie_AlarmUITests.swift in Sources */,
			);
			runOnlyForDeploymentPostprocessing = 0;
		};
/* End PBXSourcesBuildPhase section */

/* Begin PBXTargetDependency section */
		94E52A992688704A007C97D1 /* PBXTargetDependency */ = {
			isa = PBXTargetDependency;
			target = 94E52A8526887049007C97D1 /* Cookie Alarm */;
			targetProxy = 94E52A982688704A007C97D1 /* PBXContainerItemProxy */;
		};
		94E52AA42688704A007C97D1 /* PBXTargetDependency */ = {
			isa = PBXTargetDependency;
			target = 94E52A8526887049007C97D1 /* Cookie Alarm */;
			targetProxy = 94E52AA32688704A007C97D1 /* PBXContainerItemProxy */;
		};
/* End PBXTargetDependency section */

/* Begin XCBuildConfiguration section */
		94E52AA92688704A007C97D1 /* Debug */ = {
			isa = XCBuildConfiguration;
			buildSettings = {
				ALWAYS_SEARCH_USER_PATHS = NO;
				CLANG_ANALYZER_NONNULL = YES;
				CLANG_ANALYZER_NUMBER_OBJECT_CONVERSION = YES_AGGRESSIVE;
				CLANG_CXX_LANGUAGE_STANDARD = "gnu++14";
				CLANG_CXX_LIBRARY = "libc++";
				CLANG_ENABLE_MODULES = YES;
				CLANG_ENABLE_OBJC_ARC = YES;
				CLANG_ENABLE_OBJC_WEAK = YES;
				CLANG_WARN_BLOCK_CAPTURE_AUTORELEASING = YES;
				CLANG_WARN_BOOL_CONVERSION = YES;
				CLANG_WARN_COMMA = YES;
				CLANG_WARN_CONSTANT_CONVERSION = YES;
				CLANG_WARN_DEPRECATED_OBJC_IMPLEMENTATIONS = YES;
				CLANG_WARN_DIRECT_OBJC_ISA_USAGE = YES_ERROR;
				CLANG_WARN_DOCUMENTATION_COMMENTS = YES;
				CLANG_WARN_EMPTY_BODY = YES;
				CLANG_WARN_ENUM_CONVERSION = YES;
				CLANG_WARN_INFINITE_RECURSION = YES;
				CLANG_WARN_INT_CONVERSION = YES;
				CLANG_WARN_NON_LITERAL_NULL_CONVERSION = YES;
				CLANG_WARN_OBJC_IMPLICIT_RETAIN_SELF = YES;
				CLANG_WARN_OBJC_LITERAL_CONVERSION = YES;
				CLANG_WARN_OBJC_ROOT_CLASS = YES_ERROR;
				CLANG_WARN_QUOTED_INCLUDE_IN_FRAMEWORK_HEADER = YES;
				CLANG_WARN_RANGE_LOOP_ANALYSIS = YES;
				CLANG_WARN_STRICT_PROTOTYPES = YES;
				CLANG_WARN_SUSPICIOUS_MOVE = YES;
				CLANG_WARN_UNGUARDED_AVAILABILITY = YES_AGGRESSIVE;
				CLANG_WARN_UNREACHABLE_CODE = YES;
				CLANG_WARN__DUPLICATE_METHOD_MATCH = YES;
				COPY_PHASE_STRIP = NO;
				DEBUG_INFORMATION_FORMAT = dwarf;
				ENABLE_STRICT_OBJC_MSGSEND = YES;
				ENABLE_TESTABILITY = YES;
				GCC_C_LANGUAGE_STANDARD = gnu11;
				GCC_DYNAMIC_NO_PIC = NO;
				GCC_NO_COMMON_BLOCKS = YES;
				GCC_OPTIMIZATION_LEVEL = 0;
				GCC_PREPROCESSOR_DEFINITIONS = (
					"DEBUG=1",
					"$(inherited)",
				);
				GCC_WARN_64_TO_32_BIT_CONVERSION = YES;
				GCC_WARN_ABOUT_RETURN_TYPE = YES_ERROR;
				GCC_WARN_UNDECLARED_SELECTOR = YES;
				GCC_WARN_UNINITIALIZED_AUTOS = YES_AGGRESSIVE;
				GCC_WARN_UNUSED_FUNCTION = YES;
				GCC_WARN_UNUSED_VARIABLE = YES;
				IPHONEOS_DEPLOYMENT_TARGET = 14.5;
				MTL_ENABLE_DEBUG_INFO = INCLUDE_SOURCE;
				MTL_FAST_MATH = YES;
				ONLY_ACTIVE_ARCH = YES;
				SDKROOT = iphoneos;
				SWIFT_ACTIVE_COMPILATION_CONDITIONS = DEBUG;
				SWIFT_OPTIMIZATION_LEVEL = "-Onone";
			};
			name = Debug;
		};
		94E52AAA2688704A007C97D1 /* Release */ = {
			isa = XCBuildConfiguration;
			buildSettings = {
				ALWAYS_SEARCH_USER_PATHS = NO;
				CLANG_ANALYZER_NONNULL = YES;
				CLANG_ANALYZER_NUMBER_OBJECT_CONVERSION = YES_AGGRESSIVE;
				CLANG_CXX_LANGUAGE_STANDARD = "gnu++14";
				CLANG_CXX_LIBRARY = "libc++";
				CLANG_ENABLE_MODULES = YES;
				CLANG_ENABLE_OBJC_ARC = YES;
				CLANG_ENABLE_OBJC_WEAK = YES;
				CLANG_WARN_BLOCK_CAPTURE_AUTORELEASING = YES;
				CLANG_WARN_BOOL_CONVERSION = YES;
				CLANG_WARN_COMMA = YES;
				CLANG_WARN_CONSTANT_CONVERSION = YES;
				CLANG_WARN_DEPRECATED_OBJC_IMPLEMENTATIONS = YES;
				CLANG_WARN_DIRECT_OBJC_ISA_USAGE = YES_ERROR;
				CLANG_WARN_DOCUMENTATION_COMMENTS = YES;
				CLANG_WARN_EMPTY_BODY = YES;
				CLANG_WARN_ENUM_CONVERSION = YES;
				CLANG_WARN_INFINITE_RECURSION = YES;
				CLANG_WARN_INT_CONVERSION = YES;
				CLANG_WARN_NON_LITERAL_NULL_CONVERSION = YES;
				CLANG_WARN_OBJC_IMPLICIT_RETAIN_SELF = YES;
				CLANG_WARN_OBJC_LITERAL_CONVERSION = YES;
				CLANG_WARN_OBJC_ROOT_CLASS = YES_ERROR;
				CLANG_WARN_QUOTED_INCLUDE_IN_FRAMEWORK_HEADER = YES;
				CLANG_WARN_RANGE_LOOP_ANALYSIS = YES;
				CLANG_WARN_STRICT_PROTOTYPES = YES;
				CLANG_WARN_SUSPICIOUS_MOVE = YES;
				CLANG_WARN_UNGUARDED_AVAILABILITY = YES_AGGRESSIVE;
				CLANG_WARN_UNREACHABLE_CODE = YES;
				CLANG_WARN__DUPLICATE_METHOD_MATCH = YES;
				COPY_PHASE_STRIP = NO;
				DEBUG_INFORMATION_FORMAT = "dwarf-with-dsym";
				ENABLE_NS_ASSERTIONS = NO;
				ENABLE_STRICT_OBJC_MSGSEND = YES;
				GCC_C_LANGUAGE_STANDARD = gnu11;
				GCC_NO_COMMON_BLOCKS = YES;
				GCC_WARN_64_TO_32_BIT_CONVERSION = YES;
				GCC_WARN_ABOUT_RETURN_TYPE = YES_ERROR;
				GCC_WARN_UNDECLARED_SELECTOR = YES;
				GCC_WARN_UNINITIALIZED_AUTOS = YES_AGGRESSIVE;
				GCC_WARN_UNUSED_FUNCTION = YES;
				GCC_WARN_UNUSED_VARIABLE = YES;
				IPHONEOS_DEPLOYMENT_TARGET = 14.5;
				MTL_ENABLE_DEBUG_INFO = NO;
				MTL_FAST_MATH = YES;
				SDKROOT = iphoneos;
				SWIFT_COMPILATION_MODE = wholemodule;
				SWIFT_OPTIMIZATION_LEVEL = "-O";
				VALIDATE_PRODUCT = YES;
			};
			name = Release;
		};
		94E52AAC2688704A007C97D1 /* Debug */ = {
			isa = XCBuildConfiguration;
			buildSettings = {
				ASSETCATALOG_COMPILER_APPICON_NAME = AppIcon;
				ASSETCATALOG_COMPILER_GLOBAL_ACCENT_COLOR_NAME = AccentColor;
				CODE_SIGN_STYLE = Automatic;
				DEVELOPMENT_ASSET_PATHS = "\"Cookie Alarm/Preview Content\"";
				DEVELOPMENT_TEAM = 76UVYUU2N8;
				ENABLE_PREVIEWS = YES;
				INFOPLIST_FILE = "Cookie Alarm/Info.plist";
				IPHONEOS_DEPLOYMENT_TARGET = 14.0;
				LD_RUNPATH_SEARCH_PATHS = (
					"$(inherited)",
					"@executable_path/Frameworks",
				);
				PRODUCT_BUNDLE_IDENTIFIER = "haihd.com.Cookie-Alarm";
				PRODUCT_NAME = "$(TARGET_NAME)";
				SWIFT_VERSION = 5.0;
				TARGETED_DEVICE_FAMILY = "1,2";
			};
			name = Debug;
		};
		94E52AAD2688704A007C97D1 /* Release */ = {
			isa = XCBuildConfiguration;
			buildSettings = {
				ASSETCATALOG_COMPILER_APPICON_NAME = AppIcon;
				ASSETCATALOG_COMPILER_GLOBAL_ACCENT_COLOR_NAME = AccentColor;
				CODE_SIGN_STYLE = Automatic;
				DEVELOPMENT_ASSET_PATHS = "\"Cookie Alarm/Preview Content\"";
				DEVELOPMENT_TEAM = 76UVYUU2N8;
				ENABLE_PREVIEWS = YES;
				INFOPLIST_FILE = "Cookie Alarm/Info.plist";
				IPHONEOS_DEPLOYMENT_TARGET = 14.0;
				LD_RUNPATH_SEARCH_PATHS = (
					"$(inherited)",
					"@executable_path/Frameworks",
				);
				PRODUCT_BUNDLE_IDENTIFIER = "haihd.com.Cookie-Alarm";
				PRODUCT_NAME = "$(TARGET_NAME)";
				SWIFT_VERSION = 5.0;
				TARGETED_DEVICE_FAMILY = "1,2";
			};
			name = Release;
		};
		94E52AAF2688704A007C97D1 /* Debug */ = {
			isa = XCBuildConfiguration;
			buildSettings = {
				ALWAYS_EMBED_SWIFT_STANDARD_LIBRARIES = YES;
				BUNDLE_LOADER = "$(TEST_HOST)";
				CODE_SIGN_STYLE = Automatic;
				DEVELOPMENT_TEAM = 76UVYUU2N8;
				INFOPLIST_FILE = "Cookie AlarmTests/Info.plist";
				IPHONEOS_DEPLOYMENT_TARGET = 14.0;
				LD_RUNPATH_SEARCH_PATHS = (
					"$(inherited)",
					"@executable_path/Frameworks",
					"@loader_path/Frameworks",
				);
				PRODUCT_BUNDLE_IDENTIFIER = "haihd.com.Cookie-AlarmTests";
				PRODUCT_NAME = "$(TARGET_NAME)";
				SWIFT_VERSION = 5.0;
				TARGETED_DEVICE_FAMILY = "1,2";
				TEST_HOST = "$(BUILT_PRODUCTS_DIR)/Cookie Alarm.app/Cookie Alarm";
			};
			name = Debug;
		};
		94E52AB02688704A007C97D1 /* Release */ = {
			isa = XCBuildConfiguration;
			buildSettings = {
				ALWAYS_EMBED_SWIFT_STANDARD_LIBRARIES = YES;
				BUNDLE_LOADER = "$(TEST_HOST)";
				CODE_SIGN_STYLE = Automatic;
				DEVELOPMENT_TEAM = 76UVYUU2N8;
				INFOPLIST_FILE = "Cookie AlarmTests/Info.plist";
				IPHONEOS_DEPLOYMENT_TARGET = 14.0;
				LD_RUNPATH_SEARCH_PATHS = (
					"$(inherited)",
					"@executable_path/Frameworks",
					"@loader_path/Frameworks",
				);
				PRODUCT_BUNDLE_IDENTIFIER = "haihd.com.Cookie-AlarmTests";
				PRODUCT_NAME = "$(TARGET_NAME)";
				SWIFT_VERSION = 5.0;
				TARGETED_DEVICE_FAMILY = "1,2";
				TEST_HOST = "$(BUILT_PRODUCTS_DIR)/Cookie Alarm.app/Cookie Alarm";
			};
			name = Release;
		};
		94E52AB22688704A007C97D1 /* Debug */ = {
			isa = XCBuildConfiguration;
			buildSettings = {
				ALWAYS_EMBED_SWIFT_STANDARD_LIBRARIES = YES;
				CODE_SIGN_STYLE = Automatic;
				DEVELOPMENT_TEAM = 76UVYUU2N8;
				INFOPLIST_FILE = "Cookie AlarmUITests/Info.plist";
				LD_RUNPATH_SEARCH_PATHS = (
					"$(inherited)",
					"@executable_path/Frameworks",
					"@loader_path/Frameworks",
				);
				PRODUCT_BUNDLE_IDENTIFIER = "haihd.com.Cookie-AlarmUITests";
				PRODUCT_NAME = "$(TARGET_NAME)";
				SWIFT_VERSION = 5.0;
				TARGETED_DEVICE_FAMILY = "1,2";
				TEST_TARGET_NAME = "Cookie Alarm";
			};
			name = Debug;
		};
		94E52AB32688704A007C97D1 /* Release */ = {
			isa = XCBuildConfiguration;
			buildSettings = {
				ALWAYS_EMBED_SWIFT_STANDARD_LIBRARIES = YES;
				CODE_SIGN_STYLE = Automatic;
				DEVELOPMENT_TEAM = 76UVYUU2N8;
				INFOPLIST_FILE = "Cookie AlarmUITests/Info.plist";
				LD_RUNPATH_SEARCH_PATHS = (
					"$(inherited)",
					"@executable_path/Frameworks",
					"@loader_path/Frameworks",
				);
				PRODUCT_BUNDLE_IDENTIFIER = "haihd.com.Cookie-AlarmUITests";
				PRODUCT_NAME = "$(TARGET_NAME)";
				SWIFT_VERSION = 5.0;
				TARGETED_DEVICE_FAMILY = "1,2";
				TEST_TARGET_NAME = "Cookie Alarm";
			};
			name = Release;
		};
/* End XCBuildConfiguration section */

/* Begin XCConfigurationList section */
		94E52A8126887049007C97D1 /* Build configuration list for PBXProject "Cookie Alarm" */ = {
			isa = XCConfigurationList;
			buildConfigurations = (
				94E52AA92688704A007C97D1 /* Debug */,
				94E52AAA2688704A007C97D1 /* Release */,
			);
			defaultConfigurationIsVisible = 0;
			defaultConfigurationName = Release;
		};
		94E52AAB2688704A007C97D1 /* Build configuration list for PBXNativeTarget "Cookie Alarm" */ = {
			isa = XCConfigurationList;
			buildConfigurations = (
				94E52AAC2688704A007C97D1 /* Debug */,
				94E52AAD2688704A007C97D1 /* Release */,
			);
			defaultConfigurationIsVisible = 0;
			defaultConfigurationName = Release;
		};
		94E52AAE2688704A007C97D1 /* Build configuration list for PBXNativeTarget "Cookie AlarmTests" */ = {
			isa = XCConfigurationList;
			buildConfigurations = (
				94E52AAF2688704A007C97D1 /* Debug */,
				94E52AB02688704A007C97D1 /* Release */,
			);
			defaultConfigurationIsVisible = 0;
			defaultConfigurationName = Release;
		};
		94E52AB12688704A007C97D1 /* Build configuration list for PBXNativeTarget "Cookie AlarmUITests" */ = {
			isa = XCConfigurationList;
			buildConfigurations = (
				94E52AB22688704A007C97D1 /* Debug */,
				94E52AB32688704A007C97D1 /* Release */,
			);
			defaultConfigurationIsVisible = 0;
			defaultConfigurationName = Release;
		};
/* End XCConfigurationList section */
	};
	rootObject = 94E52A7E26887049007C97D1 /* Project object */;
}
